{
  "nodes": {
    "home-manager": {
      "inputs": {
        "nixpkgs": [
          "nixpkgs"
        ]
      },
      "locked": {
        "lastModified": 1789352311,
        "narHash": "sha256-E9hlcRNSRQ1vb+UicOusX/ucroGlBAz/pYhCBorLOn4=",
        "owner": "nix-community",
        "repo": "home-manager",
        "rev": "cfcda3f99334c8459fa4cd46cce87502e0b48f0a",
        "type": "github"
      },
      "original": {
        "owner": "nix-community",
        "ref": "master",
        "repo": "home-manager",
        "type": "github"
      }
    },
    "nixpkgs": {
      "locked": {
        "lastModified": 1789149629,
        "narHash": "sha256-eQUZVehWLDBbpBR2rq6DnuRee1ULT6Y675RhsYDSjYI=",
        "rev": "eaad089433ca2bb662274377d33df3d0e51ef28b",
        "type": "tarball",
        "url": "https://releases.nixos.org/nixos/unstable/nixos-26.11pre1072397.eaad089433ca/nixexprs.tar.xz"
      },
      "original": {
        "id": "nixpkgs",
        "ref": "nixos-unstable",
        "type": "indirect"
      }
    },
    "quartz": {
      "flake": false,
      "locked": {
        "lastModified": 1788695382,
        "narHash": "sha256-rEFxuc1dIAN2sWBQCQvGZa3pkmskqpIcgclGLA0Iik4=",
        "owner": "jackyzha0",
        "repo": "quartz",
        "rev": "f1fba3fc55cbf60a60a5d09c95a49c042cdab63a",
        "type": "github"
      },
      "original": {
        "owner": "jackyzha0",
        "repo": "quartz",
        "type": "github"
      }
    },
    "root": {
      "inputs": {
        "home-manager": "home-manager",
        "nixpkgs": "nixpkgs",
        "quartz": "quartz",
        "tsiru-pet": "tsiru-pet"
      }
    },
    "tsiru-pet": {
      "inputs": {
        "nixpkgs": [
          "nixpkgs"
        ]
      },
      "locked": {
        "lastModified": 1789360828,
        "narHash": "sha256-xFj6MnjrB8/zTfKwOEV3ukiRAsZAL3ttyDmSx1hHmC0=",
        "ref": "main",
        "rev": "005841688546fe27ca8942788edb286bb77d8ee0",
        "revCount": 34,
        "type": "git",
        "url": "https://github.com/jordanaq/tsiru-pet"
      },
      "original": {
        "ref": "main",
        "type": "git",
        "url": "https://github.com/jordanaq/tsiru-pet"
      }
    }
  },
  "root": "root",
  "version": 7
}
