{
  "nodes": {
    "home-manager": {
      "inputs": {
        "nixpkgs": [
          "nixpkgs"
        ]
      },
      "locked": {
        "lastModified": 1780885330,
        "narHash": "sha256-aMA5oAq2Iv467U9s8YOb50DYQT9w0WJbyWqwlzHuLMs=",
        "owner": "nix-community",
        "repo": "home-manager",
        "rev": "4fe95527cbe952713318ada8a4d122e1a6ab120f",
        "type": "github"
      },
      "original": {
        "owner": "nix-community",
        "ref": "master",
        "repo": "home-manager",
        "type": "github"
      }
    },
    "nixpkgs": {
      "locked": {
        "lastModified": 1780749050,
        "narHash": "sha256-3av0pIjlOWQ6rDbNOmpUSvbNnJkGORQKKjb4LtCZsIY=",
        "owner": "NixOS",
        "repo": "nixpkgs",
        "rev": "a799d3e3886da994fa307f817a6bc705ae538eeb",
        "type": "github"
      },
      "original": {
        "id": "nixpkgs",
        "ref": "nixos-unstable",
        "type": "indirect"
      }
    },
    "root": {
      "inputs": {
        "home-manager": "home-manager",
        "nixpkgs": "nixpkgs",
        "tsiru-pet": "tsiru-pet"
      }
    },
    "tsiru-pet": {
      "inputs": {
        "nixpkgs": [
          "nixpkgs"
        ]
      },
      "locked": {
        "lastModified": 1789205038,
        "narHash": "sha256-6srIi4ucTBpxoEQl5Vu2b4B7SrBbsKLwGa0LPUx2iZE=",
        "ref": "main",
        "rev": "2538d539df681785ea2ab9673638c768605ad39f",
        "revCount": 4,
        "type": "git",
        "url": "https://github.com/jordanaq/tsiru-pet"
      },
      "original": {
        "ref": "main",
        "type": "git",
        "url": "https://github.com/jordanaq/tsiru-pet"
      }
    }
  },
  "root": "root",
  "version": 7
}
