{
  "nodes": {
    "home-manager": {
      "inputs": {
        "nixpkgs": [
          "nixpkgs"
        ]
      },
      "locked": {
        "lastModified": 1789273010,
        "narHash": "sha256-E7dWx+utzZPpqQsBUd5sMimKTWMEEbTKFD+ya99Shps=",
        "owner": "nix-community",
        "repo": "home-manager",
        "rev": "fdc36b12804b0179b24a5ffd282e4c95c37072e2",
        "type": "github"
      },
      "original": {
        "owner": "nix-community",
        "ref": "master",
        "repo": "home-manager",
        "type": "github"
      }
    },
    "nixpkgs": {
      "locked": {
        "lastModified": 1789149629,
        "narHash": "sha256-eQUZVehWLDBbpBR2rq6DnuRee1ULT6Y675RhsYDSjYI=",
        "rev": "eaad089433ca2bb662274377d33df3d0e51ef28b",
        "type": "tarball",
        "url": "https://releases.nixos.org/nixos/unstable/nixos-26.11pre1072397.eaad089433ca/nixexprs.tar.xz"
      },
      "original": {
        "id": "nixpkgs",
        "ref": "nixos-unstable",
        "type": "indirect"
      }
    },
    "quartz": {
      "flake": false,
      "locked": {
        "lastModified": 1788695382,
        "narHash": "sha256-rEFxuc1dIAN2sWBQCQvGZa3pkmskqpIcgclGLA0Iik4=",
        "owner": "jackyzha0",
        "repo": "quartz",
        "rev": "f1fba3fc55cbf60a60a5d09c95a49c042cdab63a",
        "type": "github"
      },
      "original": {
        "owner": "jackyzha0",
        "repo": "quartz",
        "type": "github"
      }
    },
    "root": {
      "inputs": {
        "home-manager": "home-manager",
        "nixpkgs": "nixpkgs",
        "quartz": "quartz",
        "tsiru-pet": "tsiru-pet"
      }
    },
    "tsiru-pet": {
      "inputs": {
        "nixpkgs": [
          "nixpkgs"
        ]
      },
      "locked": {
        "lastModified": 1789285074,
        "narHash": "sha256-8sauCSoMVip09zkeoQQ98WqYUfqoiQ0M6LiTL+GFAJw=",
        "ref": "main",
        "rev": "51909fabf51d87ae5a0d57245a9cdd1aff42d9f0",
        "revCount": 12,
        "type": "git",
        "url": "https://github.com/jordanaq/tsiru-pet"
      },
      "original": {
        "ref": "main",
        "type": "git",
        "url": "https://github.com/jordanaq/tsiru-pet"
      }
    }
  },
  "root": "root",
  "version": 7
}
